
Microsoft Visual Studio Solution File, Format Version 12.00
# Visual Studio Version 17
VisualStudioVersion = 17.7.34031.279
MinimumVisualStudioVersion = 10.0.40219.1
Project("{FAE04EC0-301F-11D3-BF4B-00C04F79EFBC}") = "student v1", "student v1\student v1.csproj", "{9DA4FAE5-E4F9-4BAD-93DB-281829064020}"
EndProject
Global
	GlobalSection(SolutionConfigurationPlatforms) = preSolution
		Debug|Any CPU = Debug|Any CPU
		Release|Any CPU = Release|Any CPU
	EndGlobalSection
	GlobalSection(ProjectConfigurationPlatforms) = postSolution
		{9DA4FAE5-E4F9-4BAD-93DB-281829064020}.Debug|Any CPU.ActiveCfg = Debug|Any CPU
		{9DA4FAE5-E4F9-4BAD-93DB-281829064020}.Debug|Any CPU.Build.0 = Debug|Any CPU
		{9DA4FAE5-E4F9-4BAD-93DB-281829064020}.Release|Any CPU.ActiveCfg = Release|Any CPU
		{9DA4FAE5-E4F9-4BAD-93DB-281829064020}.Release|Any CPU.Build.0 = Release|Any CPU
	EndGlobalSection
	GlobalSection(SolutionProperties) = preSolution
		HideSolutionNode = FALSE
	EndGlobalSection
	GlobalSection(ExtensibilityGlobals) = postSolution
		SolutionGuid = {FF92A3CD-85A7-4886-948A-E80548D6E28A}
	EndGlobalSection
EndGlobal
